// !$*UTF8*$!
{
	archiveVersion = 1;
	classes = {
	};
	objectVersion = 46;
	objects = {

/* Begin PBXBuildFile section */
		CB9F7D3D1B50EAF300852429 /* AppDelegate.swift in Sources */ = {isa = PBXBuildFile; fileRef = CB9F7D3C1B50EAF300852429 /* AppDelegate.swift */; };
		CB9F7D3F1B50EAF300852429 /* ViewController.swift in Sources */ = {isa = PBXBuildFile; fileRef = CB9F7D3E1B50EAF300852429 /* ViewController.swift */; };
		CB9F7D421B50EAF300852429 /* Main.storyboard in Resources */ = {isa = PBXBuildFile; fileRef = CB9F7D401B50EAF300852429 /* Main.storyboard */; };
		CB9F7D441B50EAF300852429 /* Assets.xcassets in Resources */ = {isa = PBXBuildFile; fileRef = CB9F7D431B50EAF300852429 /* Assets.xcassets */; };
		CB9F7D471B50EAF300852429 /* LaunchScreen.storyboard in Resources */ = {isa = PBXBuildFile; fileRef = CB9F7D451B50EAF300852429 /* LaunchScreen.storyboard */; };
		CB9F7D521B50EAF300852429 /* ColorSelectorTests.swift in Sources */ = {isa = PBXBuildFile; fileRef = CB9F7D511B50EAF300852429 /* ColorSelectorTests.swift */; };
		CB9F7D5D1B50EAF300852429 /* ColorSelectorUITests.swift in Sources */ = {isa = PBXBuildFile; fileRef = CB9F7D5C1B50EAF300852429 /* ColorSelectorUITests.swift */; };
/* End PBXBuildFile section */

/* Begin PBXContainerItemProxy section */
		CB9F7D4E1B50EAF300852429 /* PBXContainerItemProxy */ = {
			isa = PBXContainerItemProxy;
			containerPortal = CB9F7D311B50EAF300852429 /* Project object */;
			proxyType = 1;
			remoteGlobalIDString = CB9F7D381B50EAF300852429;
			remoteInfo = ColorSelector;
		};
		CB9F7D591B50EAF300852429 /* PBXContainerItemProxy */ = {
			isa = PBXContainerItemProxy;
			containerPortal = CB9F7D311B50EAF300852429 /* Project object */;
			proxyType = 1;
			remoteGlobalIDString = CB9F7D381B50EAF300852429;
			remoteInfo = ColorSelector;
		};
/* End PBXContainerItemProxy section */

/* Begin PBXFileReference section */
		CB9F7D391B50EAF300852429 /* ColorSelector.app */ = {isa = PBXFileReference; explicitFileType = wrapper.application; includeInIndex = 0; path = ColorSelector.app; sourceTree = BUILT_PRODUCTS_DIR; };
		CB9F7D3C1B50EAF300852429 /* AppDelegate.swift */ = {isa = PBXFileReference; lastKnownFileType = sourcecode.swift; path = AppDelegate.swift; sourceTree = "<group>"; };
		CB9F7D3E1B50EAF300852429 /* ViewController.swift */ = {isa = PBXFileReference; lastKnownFileType = sourcecode.swift; path = ViewController.swift; sourceTree = "<group>"; };
		CB9F7D411B50EAF300852429 /* Base */ = {isa = PBXFileReference; lastKnownFileType = file.storyboard; name = Base; path = Base.lproj/Main.storyboard; sourceTree = "<group>"; };
		CB9F7D431B50EAF300852429 /* Assets.xcassets */ = {isa = PBXFileReference; lastKnownFileType = folder.assetcatalog; path = Assets.xcassets; sourceTree = "<group>"; };
		CB9F7D461B50EAF300852429 /* Base */ = {isa = PBXFileReference; lastKnownFileType = file.storyboard; name = Base; path = Base.lproj/LaunchScreen.storyboard; sourceTree = "<group>"; };
		CB9F7D481B50EAF300852429 /* Info.plist */ = {isa = PBXFileReference; lastKnownFileType = text.plist.xml; path = Info.plist; sourceTree = "<group>"; };
		CB9F7D4D1B50EAF300852429 /* ColorSelectorTests.xctest */ = {isa = PBXFileReference; explicitFileType = wrapper.cfbundle; includeInIndex = 0; path = ColorSelectorTests.xctest; sourceTree = BUILT_PRODUCTS_DIR; };
		CB9F7D511B50EAF300852429 /* ColorSelectorTests.swift */ = {isa = PBXFileReference; lastKnownFileType = sourcecode.swift; path = ColorSelectorTests.swift; sourceTree = "<group>"; };
		CB9F7D531B50EAF300852429 /* Info.plist */ = {isa = PBXFileReference; lastKnownFileType = text.plist.xml; path = Info.plist; sourceTree = "<group>"; };
		CB9F7D581B50EAF300852429 /* ColorSelectorUITests.xctest */ = {isa = PBXFileReference; explicitFileType = wrapper.cfbundle; includeInIndex = 0; path = ColorSelectorUITests.xctest; sourceTree = BUILT_PRODUCTS_DIR; };
		CB9F7D5C1B50EAF300852429 /* ColorSelectorUITests.swift */ = {isa = PBXFileReference; lastKnownFileType = sourcecode.swift; path = ColorSelectorUITests.swift; sourceTree = "<group>"; };
		CB9F7D5E1B50EAF300852429 /* Info.plist */ = {isa = PBXFileReference; lastKnownFileType = text.plist.xml; path = Info.plist; sourceTree = "<group>"; };
/* End PBXFileReference section */

/* Begin PBXFrameworksBuildPhase section */
		CB9F7D361B50EAF300852429 /* Frameworks */ = {
			isa = PBXFrameworksBuildPhase;
			buildActionMask = 2147483647;
			files = (
			);
			runOnlyForDeploymentPostprocessing = 0;
		};
		CB9F7D4A1B50EAF300852429 /* Frameworks */ = {
			isa = PBXFrameworksBuildPhase;
			buildActionMask = 2147483647;
			files = (
			);
			runOnlyForDeploymentPostprocessing = 0;
		};
		CB9F7D551B50EAF300852429 /* Frameworks */ = {
			isa = PBXFrameworksBuildPhase;
			buildActionMask = 2147483647;
			files = (
			);
			runOnlyForDeploymentPostprocessing = 0;
		};
/* End PBXFrameworksBuildPhase section */

/* Begin PBXGroup section */
		CB9F7D301B50EAF300852429 = {
			isa = PBXGroup;
			children = (
				CB9F7D3B1B50EAF300852429 /* ColorSelector */,
				CB9F7D501B50EAF300852429 /* ColorSelectorTests */,
				CB9F7D5B1B50EAF300852429 /* ColorSelectorUITests */,
				CB9F7D3A1B50EAF300852429 /* Products */,
			);
			sourceTree = "<group>";
		};
		CB9F7D3A1B50EAF300852429 /* Products */ = {
			isa = PBXGroup;
			children = (
				CB9F7D391B50EAF300852429 /* ColorSelector.app */,
				CB9F7D4D1B50EAF300852429 /* ColorSelectorTests.xctest */,
				CB9F7D581B50EAF300852429 /* ColorSelectorUITests.xctest */,
			);
			name = Products;
			sourceTree = "<group>";
		};
		CB9F7D3B1B50EAF300852429 /* ColorSelector */ = {
			isa = PBXGroup;
			children = (
				CB9F7D3C1B50EAF300852429 /* AppDelegate.swift */,
				CB9F7D3E1B50EAF300852429 /* ViewController.swift */,
				CB9F7D401B50EAF300852429 /* Main.storyboard */,
				CB9F7D431B50EAF300852429 /* Assets.xcassets */,
				CB9F7D451B50EAF300852429 /* LaunchScreen.storyboard */,
				CB9F7D481B50EAF300852429 /* Info.plist */,
			);
			path = ColorSelector;
			sourceTree = "<group>";
		};
		CB9F7D501B50EAF300852429 /* ColorSelectorTests */ = {
			isa = PBXGroup;
			children = (
				CB9F7D511B50EAF300852429 /* ColorSelectorTests.swift */,
				CB9F7D531B50EAF300852429 /* Info.plist */,
			);
			path = ColorSelectorTests;
			sourceTree = "<group>";
		};
		CB9F7D5B1B50EAF300852429 /* ColorSelectorUITests */ = {
			isa = PBXGroup;
			children = (
				CB9F7D5C1B50EAF300852429 /* ColorSelectorUITests.swift */,
				CB9F7D5E1B50EAF300852429 /* Info.plist */,
			);
			path = ColorSelectorUITests;
			sourceTree = "<group>";
		};
/* End PBXGroup section */

/* Begin PBXNativeTarget section */
		CB9F7D381B50EAF300852429 /* ColorSelector */ = {
			isa = PBXNativeTarget;
			buildConfigurationList = CB9F7D611B50EAF300852429 /* Build configuration list for PBXNativeTarget "ColorSelector" */;
			buildPhases = (
				CB9F7D351B50EAF300852429 /* Sources */,
				CB9F7D361B50EAF300852429 /* Frameworks */,
				CB9F7D371B50EAF300852429 /* Resources */,
			);
			buildRules = (
			);
			dependencies = (
			);
			name = ColorSelector;
			productName = ColorSelector;
			productReference = CB9F7D391B50EAF300852429 /* ColorSelector.app */;
			productType = "com.apple.product-type.application";
		};
		CB9F7D4C1B50EAF300852429 /* ColorSelectorTests */ = {
			isa = PBXNativeTarget;
			buildConfigurationList = CB9F7D641B50EAF300852429 /* Build configuration list for PBXNativeTarget "ColorSelectorTests" */;
			buildPhases = (
				CB9F7D491B50EAF300852429 /* Sources */,
				CB9F7D4A1B50EAF300852429 /* Frameworks */,
				CB9F7D4B1B50EAF300852429 /* Resources */,
			);
			buildRules = (
			);
			dependencies = (
				CB9F7D4F1B50EAF300852429 /* PBXTargetDependency */,
			);
			name = ColorSelectorTests;
			productName = ColorSelectorTests;
			productReference = CB9F7D4D1B50EAF300852429 /* ColorSelectorTests.xctest */;
			productType = "com.apple.product-type.bundle.unit-test";
		};
		CB9F7D571B50EAF300852429 /* ColorSelectorUITests */ = {
			isa = PBXNativeTarget;
			buildConfigurationList = CB9F7D671B50EAF300852429 /* Build configuration list for PBXNativeTarget "ColorSelectorUITests" */;
			buildPhases = (
				CB9F7D541B50EAF300852429 /* Sources */,
				CB9F7D551B50EAF300852429 /* Frameworks */,
				CB9F7D561B50EAF300852429 /* Resources */,
			);
			buildRules = (
			);
			dependencies = (
				CB9F7D5A1B50EAF300852429 /* PBXTargetDependency */,
			);
			name = ColorSelectorUITests;
			productName = ColorSelectorUITests;
			productReference = CB9F7D581B50EAF300852429 /* ColorSelectorUITests.xctest */;
			productType = "com.apple.product-type.bundle.ui-testing";
		};
/* End PBXNativeTarget section */

/* Begin PBXProject section */
		CB9F7D311B50EAF300852429 /* Project object */ = {
			isa = PBXProject;
			attributes = {
				LastUpgradeCheck = 0700;
				ORGANIZATIONNAME = WangZhuo;
				TargetAttributes = {
					CB9F7D381B50EAF300852429 = {
						CreatedOnToolsVersion = 7.0;
					};
					CB9F7D4C1B50EAF300852429 = {
						CreatedOnToolsVersion = 7.0;
						TestTargetID = CB9F7D381B50EAF300852429;
					};
					CB9F7D571B50EAF300852429 = {
						CreatedOnToolsVersion = 7.0;
						TestTargetID = CB9F7D381B50EAF300852429;
					};
				};
			};
			buildConfigurationList = CB9F7D341B50EAF300852429 /* Build configuration list for PBXProject "ColorSelector" */;
			compatibilityVersion = "Xcode 3.2";
			developmentRegion = English;
			hasScannedForEncodings = 0;
			knownRegions = (
				en,
				Base,
			);
			mainGroup = CB9F7D301B50EAF300852429;
			productRefGroup = CB9F7D3A1B50EAF300852429 /* Products */;
			projectDirPath = "";
			projectRoot = "";
			targets = (
				CB9F7D381B50EAF300852429 /* ColorSelector */,
				CB9F7D4C1B50EAF300852429 /* ColorSelectorTests */,
				CB9F7D571B50EAF300852429 /* ColorSelectorUITests */,
			);
		};
/* End PBXProject section */

/* Begin PBXResourcesBuildPhase section */
		CB9F7D371B50EAF300852429 /* Resources */ = {
			isa = PBXResourcesBuildPhase;
			buildActionMask = 2147483647;
			files = (
				CB9F7D471B50EAF300852429 /* LaunchScreen.storyboard in Resources */,
				CB9F7D441B50EAF300852429 /* Assets.xcassets in Resources */,
				CB9F7D421B50EAF300852429 /* Main.storyboard in Resources */,
			);
			runOnlyForDeploymentPostprocessing = 0;
		};
		CB9F7D4B1B50EAF300852429 /* Resources */ = {
			isa = PBXResourcesBuildPhase;
			buildActionMask = 2147483647;
			files = (
			);
			runOnlyForDeploymentPostprocessing = 0;
		};
		CB9F7D561B50EAF300852429 /* Resources */ = {
			isa = PBXResourcesBuildPhase;
			buildActionMask = 2147483647;
			files = (
			);
			runOnlyForDeploymentPostprocessing = 0;
		};
/* End PBXResourcesBuildPhase section */

/* Begin PBXSourcesBuildPhase section */
		CB9F7D351B50EAF300852429 /* Sources */ = {
			isa = PBXSourcesBuildPhase;
			buildActionMask = 2147483647;
			files = (
				CB9F7D3F1B50EAF300852429 /* ViewController.swift in Sources */,
				CB9F7D3D1B50EAF300852429 /* AppDelegate.swift in Sources */,
			);
			runOnlyForDeploymentPostprocessing = 0;
		};
		CB9F7D491B50EAF300852429 /* Sources */ = {
			isa = PBXSourcesBuildPhase;
			buildActionMask = 2147483647;
			files = (
				CB9F7D521B50EAF300852429 /* ColorSelectorTests.swift in Sources */,
			);
			runOnlyForDeploymentPostprocessing = 0;
		};
		CB9F7D541B50EAF300852429 /* Sources */ = {
			isa = PBXSourcesBuildPhase;
			buildActionMask = 2147483647;
			files = (
				CB9F7D5D1B50EAF300852429 /* ColorSelectorUITests.swift in Sources */,
			);
			runOnlyForDeploymentPostprocessing = 0;
		};
/* End PBXSourcesBuildPhase section */

/* Begin PBXTargetDependency section */
		CB9F7D4F1B50EAF300852429 /* PBXTargetDependency */ = {
			isa = PBXTargetDependency;
			target = CB9F7D381B50EAF300852429 /* ColorSelector */;
			targetProxy = CB9F7D4E1B50EAF300852429 /* PBXContainerItemProxy */;
		};
		CB9F7D5A1B50EAF300852429 /* PBXTargetDependency */ = {
			isa = PBXTargetDependency;
			target = CB9F7D381B50EAF300852429 /* ColorSelector */;
			targetProxy = CB9F7D591B50EAF300852429 /* PBXContainerItemProxy */;
		};
/* End PBXTargetDependency section */

/* Begin PBXVariantGroup section */
		CB9F7D401B50EAF300852429 /* Main.storyboard */ = {
			isa = PBXVariantGroup;
			children = (
				CB9F7D411B50EAF300852429 /* Base */,
			);
			name = Main.storyboard;
			sourceTree = "<group>";
		};
		CB9F7D451B50EAF300852429 /* LaunchScreen.storyboard */ = {
			isa = PBXVariantGroup;
			children = (
				CB9F7D461B50EAF300852429 /* Base */,
			);
			name = LaunchScreen.storyboard;
			sourceTree = "<group>";
		};
/* End PBXVariantGroup section */

/* Begin XCBuildConfiguration section */
		CB9F7D5F1B50EAF300852429 /* Debug */ = {
			isa = XCBuildConfiguration;
			buildSettings = {
				ALWAYS_SEARCH_USER_PATHS = NO;
				CLANG_CXX_LANGUAGE_STANDARD = "gnu++0x";
				CLANG_CXX_LIBRARY = "libc++";
				CLANG_ENABLE_MODULES = YES;
				CLANG_ENABLE_OBJC_ARC = YES;
				CLANG_WARN_BOOL_CONVERSION = YES;
				CLANG_WARN_CONSTANT_CONVERSION = YES;
				CLANG_WARN_DIRECT_OBJC_ISA_USAGE = YES_ERROR;
				CLANG_WARN_EMPTY_BODY = YES;
				CLANG_WARN_ENUM_CONVERSION = YES;
				CLANG_WARN_INT_CONVERSION = YES;
				CLANG_WARN_OBJC_ROOT_CLASS = YES_ERROR;
				CLANG_WARN_UNREACHABLE_CODE = YES;
				CLANG_WARN__DUPLICATE_METHOD_MATCH = YES;
				"CODE_SIGN_IDENTITY[sdk=iphoneos*]" = "iPhone Developer";
				COPY_PHASE_STRIP = NO;
				DEBUG_INFORMATION_FORMAT = dwarf;
				ENABLE_STRICT_OBJC_MSGSEND = YES;
				ENABLE_TESTABILITY = YES;
				GCC_C_LANGUAGE_STANDARD = gnu99;
				GCC_DYNAMIC_NO_PIC = NO;
				GCC_NO_COMMON_BLOCKS = YES;
				GCC_OPTIMIZATION_LEVEL = 0;
				GCC_PREPROCESSOR_DEFINITIONS = (
					"DEBUG=1",
					"$(inherited)",
				);
				GCC_WARN_64_TO_32_BIT_CONVERSION = YES;
				GCC_WARN_ABOUT_RETURN_TYPE = YES_ERROR;
				GCC_WARN_UNDECLARED_SELECTOR = YES;
				GCC_WARN_UNINITIALIZED_AUTOS = YES_AGGRESSIVE;
				GCC_WARN_UNUSED_FUNCTION = YES;
				GCC_WARN_UNUSED_VARIABLE = YES;
				IPHONEOS_DEPLOYMENT_TARGET = 9.0;
				MTL_ENABLE_DEBUG_INFO = YES;
				ONLY_ACTIVE_ARCH = YES;
				SDKROOT = iphoneos;
				SWIFT_OPTIMIZATION_LEVEL = "-Onone";
				TARGETED_DEVICE_FAMILY = "1,2";
			};
			name = Debug;
		};
		CB9F7D601B50EAF300852429 /* Release */ = {
			isa = XCBuildConfiguration;
			buildSettings = {
				ALWAYS_SEARCH_USER_PATHS = NO;
				CLANG_CXX_LANGUAGE_STANDARD = "gnu++0x";
				CLANG_CXX_LIBRARY = "libc++";
				CLANG_ENABLE_MODULES = YES;
				CLANG_ENABLE_OBJC_ARC = YES;
				CLANG_WARN_BOOL_CONVERSION = YES;
				CLANG_WARN_CONSTANT_CONVERSION = YES;
				CLANG_WARN_DIRECT_OBJC_ISA_USAGE = YES_ERROR;
				CLANG_WARN_EMPTY_BODY = YES;
				CLANG_WARN_ENUM_CONVERSION = YES;
				CLANG_WARN_INT_CONVERSION = YES;
				CLANG_WARN_OBJC_ROOT_CLASS = YES_ERROR;
				CLANG_WARN_UNREACHABLE_CODE = YES;
				CLANG_WARN__DUPLICATE_METHOD_MATCH = YES;
				"CODE_SIGN_IDENTITY[sdk=iphoneos*]" = "iPhone Developer";
				COPY_PHASE_STRIP = NO;
				DEBUG_INFORMATION_FORMAT = "dwarf-with-dsym";
				ENABLE_NS_ASSERTIONS = NO;
				ENABLE_STRICT_OBJC_MSGSEND = YES;
				GCC_C_LANGUAGE_STANDARD = gnu99;
				GCC_NO_COMMON_BLOCKS = YES;
				GCC_WARN_64_TO_32_BIT_CONVERSION = YES;
				GCC_WARN_ABOUT_RETURN_TYPE = YES_ERROR;
				GCC_WARN_UNDECLARED_SELECTOR = YES;
				GCC_WARN_UNINITIALIZED_AUTOS = YES_AGGRESSIVE;
				GCC_WARN_UNUSED_FUNCTION = YES;
				GCC_WARN_UNUSED_VARIABLE = YES;
				IPHONEOS_DEPLOYMENT_TARGET = 9.0;
				MTL_ENABLE_DEBUG_INFO = NO;
				SDKROOT = iphoneos;
				TARGETED_DEVICE_FAMILY = "1,2";
				VALIDATE_PRODUCT = YES;
			};
			name = Release;
		};
		CB9F7D621B50EAF300852429 /* Debug */ = {
			isa = XCBuildConfiguration;
			buildSettings = {
				ASSETCATALOG_COMPILER_APPICON_NAME = AppIcon;
				INFOPLIST_FILE = ColorSelector/Info.plist;
				LD_RUNPATH_SEARCH_PATHS = "$(inherited) @executable_path/Frameworks";
				PRODUCT_BUNDLE_IDENTIFIER = com.Free.ColorSelector;
				PRODUCT_NAME = "$(TARGET_NAME)";
			};
			name = Debug;
		};
		CB9F7D631B50EAF300852429 /* Release */ = {
			isa = XCBuildConfiguration;
			buildSettings = {
				ASSETCATALOG_COMPILER_APPICON_NAME = AppIcon;
				INFOPLIST_FILE = ColorSelector/Info.plist;
				LD_RUNPATH_SEARCH_PATHS = "$(inherited) @executable_path/Frameworks";
				PRODUCT_BUNDLE_IDENTIFIER = com.Free.ColorSelector;
				PRODUCT_NAME = "$(TARGET_NAME)";
			};
			name = Release;
		};
		CB9F7D651B50EAF300852429 /* Debug */ = {
			isa = XCBuildConfiguration;
			buildSettings = {
				BUNDLE_LOADER = "$(TEST_HOST)";
				INFOPLIST_FILE = ColorSelectorTests/Info.plist;
				LD_RUNPATH_SEARCH_PATHS = "$(inherited) @executable_path/Frameworks @loader_path/Frameworks";
				PRODUCT_BUNDLE_IDENTIFIER = com.Free.ColorSelectorTests;
				PRODUCT_NAME = "$(TARGET_NAME)";
				TEST_HOST = "$(BUILT_PRODUCTS_DIR)/ColorSelector.app/ColorSelector";
			};
			name = Debug;
		};
		CB9F7D661B50EAF300852429 /* Release */ = {
			isa = XCBuildConfiguration;
			buildSettings = {
				BUNDLE_LOADER = "$(TEST_HOST)";
				INFOPLIST_FILE = ColorSelectorTests/Info.plist;
				LD_RUNPATH_SEARCH_PATHS = "$(inherited) @executable_path/Frameworks @loader_path/Frameworks";
				PRODUCT_BUNDLE_IDENTIFIER = com.Free.ColorSelectorTests;
				PRODUCT_NAME = "$(TARGET_NAME)";
				TEST_HOST = "$(BUILT_PRODUCTS_DIR)/ColorSelector.app/ColorSelector";
			};
			name = Release;
		};
		CB9F7D681B50EAF300852429 /* Debug */ = {
			isa = XCBuildConfiguration;
			buildSettings = {
				INFOPLIST_FILE = ColorSelectorUITests/Info.plist;
				LD_RUNPATH_SEARCH_PATHS = "$(inherited) @executable_path/Frameworks @loader_path/Frameworks";
				PRODUCT_BUNDLE_IDENTIFIER = com.Free.ColorSelectorUITests;
				PRODUCT_NAME = "$(TARGET_NAME)";
				TEST_TARGET_NAME = ColorSelector;
				USES_XCTRUNNER = YES;
			};
			name = Debug;
		};
		CB9F7D691B50EAF300852429 /* Release */ = {
			isa = XCBuildConfiguration;
			buildSettings = {
				INFOPLIST_FILE = ColorSelectorUITests/Info.plist;
				LD_RUNPATH_SEARCH_PATHS = "$(inherited) @executable_path/Frameworks @loader_path/Frameworks";
				PRODUCT_BUNDLE_IDENTIFIER = com.Free.ColorSelectorUITests;
				PRODUCT_NAME = "$(TARGET_NAME)";
				TEST_TARGET_NAME = ColorSelector;
				USES_XCTRUNNER = YES;
			};
			name = Release;
		};
/* End XCBuildConfiguration section */

/* Begin XCConfigurationList section */
		CB9F7D341B50EAF300852429 /* Build configuration list for PBXProject "ColorSelector" */ = {
			isa = XCConfigurationList;
			buildConfigurations = (
				CB9F7D5F1B50EAF300852429 /* Debug */,
				CB9F7D601B50EAF300852429 /* Release */,
			);
			defaultConfigurationIsVisible = 0;
			defaultConfigurationName = Release;
		};
		CB9F7D611B50EAF300852429 /* Build configuration list for PBXNativeTarget "ColorSelector" */ = {
			isa = XCConfigurationList;
			buildConfigurations = (
				CB9F7D621B50EAF300852429 /* Debug */,
				CB9F7D631B50EAF300852429 /* Release */,
			);
			defaultConfigurationIsVisible = 0;
		};
		CB9F7D641B50EAF300852429 /* Build configuration list for PBXNativeTarget "ColorSelectorTests" */ = {
			isa = XCConfigurationList;
			buildConfigurations = (
				CB9F7D651B50EAF300852429 /* Debug */,
				CB9F7D661B50EAF300852429 /* Release */,
			);
			defaultConfigurationIsVisible = 0;
		};
		CB9F7D671B50EAF300852429 /* Build configuration list for PBXNativeTarget "ColorSelectorUITests" */ = {
			isa = XCConfigurationList;
			buildConfigurations = (
				CB9F7D681B50EAF300852429 /* Debug */,
				CB9F7D691B50EAF300852429 /* Release */,
			);
			defaultConfigurationIsVisible = 0;
		};
/* End XCConfigurationList section */
	};
	rootObject = CB9F7D311B50EAF300852429 /* Project object */;
}
